# This file is generated by running "yarn install" inside your project.
# Manual changes might be lost - proceed with caution!

__metadata:
  version: 8
  cacheKey: 10c0

"@ai-sdk/gateway@npm:4.0.52":
  version: 4.0.52
  resolution: "@ai-sdk/gateway@npm:4.0.52"
  dependencies:
    "@ai-sdk/provider": "npm:4.0.7"
    "@ai-sdk/provider-utils": "npm:5.0.27"
    "@vercel/oidc": "npm:3.2.0"
  peerDependencies:
    zod: ^3.25.76 || ^4.1.8
  checksum: 10c0/60a12920066afa5a485b4d78a75120696417efde66b4082fe45ca4d4cd1a1cb1ae961fa9367d7a1a92ffab224da817d7b0a20edb2982c43c7a48319209076f9f
  languageName: node
  linkType: hard

"@ai-sdk/provider-utils@npm:5.0.27":
  version: 5.0.27
  resolution: "@ai-sdk/provider-utils@npm:5.0.27"
  dependencies:
    "@ai-sdk/provider": "npm:4.0.7"
    "@standard-schema/spec": "npm:^1.1.0"
    "@workflow/serde": "npm:4.1.0"
    eventsource-parser: "npm:^3.0.8"
    undici: "npm:^7.28.0"
  peerDependencies:
    zod: ^3.25.76 || ^4.1.8
  checksum: 10c0/48c75a3c41078a430d6a363d3dcb262a00a03a628d0222a2c1be82bec09ead2fd5a9f788b2836441b6f6d0ac787508423b73ed6b330bd72640296e20bfcc9bc8
  languageName: node
  linkType: hard

"@ai-sdk/provider@npm:4.0.7":
  version: 4.0.7
  resolution: "@ai-sdk/provider@npm:4.0.7"
  dependencies:
    json-schema: "npm:^0.4.0"
  checksum: 10c0/6b7e5f76ae6b4f25e782c66f4343059e08bd5caf8f1a92434e1de452b296c63db9f53b844b0a4872ed92a4112e61b4a44a99d7ea90586fa8f228d567f1ea9740
  languageName: node
  linkType: hard

"@standard-schema/spec@npm:^1.1.0":
  version: 1.1.0
  resolution: "@standard-schema/spec@npm:1.1.0"
  checksum: 10c0/d90f55acde4b2deb983529c87e8025fa693de1a5e8b49ecc6eb84d1fd96328add0e03d7d551442156c7432fd78165b2c26ff561b970a9a881f046abb78d6a526
  languageName: node
  linkType: hard

"@vercel/oidc@npm:3.2.0":
  version: 3.2.0
  resolution: "@vercel/oidc@npm:3.2.0"
  checksum: 10c0/98318d3236f58c296616c8c2e1655b268c7bf58525bcd985adac7af6d900e05fc610f6f03ce2ff4bdcd3df7885a40c0ca44fdc761f122dcfe15a78c2756b0243
  languageName: node
  linkType: hard

"@workflow/serde@npm:4.1.0":
  version: 4.1.0
  resolution: "@workflow/serde@npm:4.1.0"
  checksum: 10c0/8ec68cd9448b486bc8244d1f2b33d64d4af4b0fc18d33417699ce29345b21e4359d880c5ea5d66872def4576c0cddcfa2a63282d1f4d661c455663c075595e81
  languageName: node
  linkType: hard

"@yesimbot/athena-harness@workspace:.":
  version: 0.0.0-use.local
  resolution: "@yesimbot/athena-harness@workspace:."
  dependencies:
    ai: "npm:^7.0.0"
    cordis: "npm:^4.0.0-rc.8"
    cosmokit: "npm:^1.8.1"
    schemastery: "npm:^3.18.0"
  languageName: unknown
  linkType: soft

"ai@npm:^7.0.0":
  version: 7.0.65
  resolution: "ai@npm:7.0.65"
  dependencies:
    "@ai-sdk/gateway": "npm:4.0.52"
    "@ai-sdk/provider": "npm:4.0.7"
    "@ai-sdk/provider-utils": "npm:5.0.27"
  peerDependencies:
    zod: ^3.25.76 || ^4.1.8
  checksum: 10c0/8227bd680cd7b2a32ae92d6ea40eb470c9c9b40c28a1b922a3844532a6755f1acf91d8a43f4ef9ad06ee997a2ec25c40c9459638224794588694fd072e699ec6
  languageName: node
  linkType: hard

"cordis@npm:^4.0.0-rc.8":
  version: 4.0.0-rc.8
  resolution: "cordis@npm:4.0.0-rc.8"
  dependencies:
    "@standard-schema/spec": "npm:^1.1.0"
    cosmokit: "npm:^1.8.1"
  peerDependencies:
    "@cordisjs/plugin-include": ^1.0.4
    "@cordisjs/plugin-loader": ^1.0.0-rc.5
  peerDependenciesMeta:
    "@cordisjs/plugin-include":
      optional: true
    "@cordisjs/plugin-loader":
      optional: true
  bin:
    cordis: bin.js
  checksum: 10c0/190fafb6eb2d80dd3b0c602c2b83f2db9cab82b461dab47c09b3ed78ea43dc481d6ed7b48cac43ffa4445d79c37bca435443c03bfb946319b4d89d88bc426ff2
  languageName: node
  linkType: hard

"cosmokit@npm:^1.8.1":
  version: 1.8.1
  resolution: "cosmokit@npm:1.8.1"
  checksum: 10c0/56b0294572efc7793d5854b0022243fab9899d0ab6ce7da873839572b4dc8c6d3ba8d6ff5b61231dca2e9d821af73a2be5d502d9ea52af2671374711a93620aa
  languageName: node
  linkType: hard

"eventsource-parser@npm:^3.0.8":
  version: 3.1.1
  resolution: "eventsource-parser@npm:3.1.1"
  checksum: 10c0/dd3236c61140587253dcaaf947de528ac0e7371caffdc53c77afaeee36a17661f00e251a6ea16af56c99be5ac138303e67b5d750630e7c41b02e3564e8ad8c44
  languageName: node
  linkType: hard

"json-schema@npm:^0.4.0":
  version: 0.4.0
  resolution: "json-schema@npm:0.4.0"
  checksum: 10c0/d4a637ec1d83544857c1c163232f3da46912e971d5bf054ba44fdb88f07d8d359a462b4aec46f2745efbc57053365608d88bc1d7b1729f7b4fc3369765639ed3
  languageName: node
  linkType: hard

"schemastery@npm:^3.18.0":
  version: 3.18.0
  resolution: "schemastery@npm:3.18.0"
  dependencies:
    "@standard-schema/spec": "npm:^1.1.0"
    cosmokit: "npm:^1.8.1"
  checksum: 10c0/2f18f79adbc478e8f90914c3dbb9cf74f6e17a593b32565cbdf6e13cf152bdf0d03fa9f42aed35d27430fec54b0c2bf53b71b8b505ccc80f121cb694095a9513
  languageName: node
  linkType: hard

"undici@npm:^7.28.0":
  version: 7.29.0
  resolution: "undici@npm:7.29.0"
  checksum: 10c0/85ea96e91e7f3de24de678cbbc54230fdd641a3b0643005f2aef044af1f1a2db8fbecb88b28e6fa78bb41ffeafda4479b57075b6b6ab92beac4b7b5ab53f9b10
  languageName: node
  linkType: hard
